Microsoft Visual Studio Solution File, Format Version 12.00
# Visual Studio Version 17
VisualStudioVersion = 17.5.2.0
MinimumVisualStudioVersion = 10.0.40219.1
Project("{FAE04EC0-301F-11D3-BF4B-00C04F79EFBC}") = "MiniCheckStep1", "MiniCheckStep1.csproj", "{26162BE5-780D-1749-D043-43CFEB64481B}"
EndProject
Global
	GlobalSection(SolutionConfigurationPlatforms) = preSolution
		Debug|Any CPU = Debug|Any CPU
		Release|Any CPU = Release|Any CPU
	EndGlobalSection
	GlobalSection(ProjectConfigurationPlatforms) = postSolution
		{26162BE5-780D-1749-D043-43CFEB64481B}.Debug|Any CPU.ActiveCfg = Debug|Any CPU
		{26162BE5-780D-1749-D043-43CFEB64481B}.Debug|Any CPU.Build.0 = Debug|Any CPU
		{26162BE5-780D-1749-D043-43CFEB64481B}.Release|Any CPU.ActiveCfg = Release|Any CPU
		{26162BE5-780D-1749-D043-43CFEB64481B}.Release|Any CPU.Build.0 = Release|Any CPU
	EndGlobalSection
	GlobalSection(SolutionProperties) = preSolution
		HideSolutionNode = FALSE
	EndGlobalSection
	GlobalSection(ExtensibilityGlobals) = postSolution
		SolutionGuid = {0FFB61A5-6731-4492-8C1E-5221B00B7C53}
	EndGlobalSection
EndGlobal
